
Microsoft Visual Studio Solution File, Format Version 12.00
# Visual Studio Version 16
VisualStudioVersion = 16.0.30114.105
MinimumVisualStudioVersion = 10.0.40219.1
Project("{FAE04EC0-301F-11D3-BF4B-00C04F79EFBC}") = "NLC.Library", "src\NLC.Library.csproj", "{FE791390-7088-435C-B450-B3ADD68C0CD3}"
EndProject
Project("{FAE04EC0-301F-11D3-BF4B-00C04F79EFBC}") = "NLC.Library.Tests", "tests\NLC.Library.Tests.csproj", "{B3311198-D5B6-44C1-A820-807FCA3B8637}"
EndProject
Global
	GlobalSection(SolutionConfigurationPlatforms) = preSolution
		Debug|Any CPU = Debug|Any CPU
		Release|Any CPU = Release|Any CPU
	EndGlobalSection
	GlobalSection(SolutionProperties) = preSolution
		HideSolutionNode = FALSE
	EndGlobalSection
	GlobalSection(ProjectConfigurationPlatforms) = postSolution
		{FE791390-7088-435C-B450-B3ADD68C0CD3}.Debug|Any CPU.ActiveCfg = Debug|Any CPU
		{FE791390-7088-435C-B450-B3ADD68C0CD3}.Debug|Any CPU.Build.0 = Debug|Any CPU
		{FE791390-7088-435C-B450-B3ADD68C0CD3}.Release|Any CPU.ActiveCfg = Release|Any CPU
		{FE791390-7088-435C-B450-B3ADD68C0CD3}.Release|Any CPU.Build.0 = Release|Any CPU
		{B3311198-D5B6-44C1-A820-807FCA3B8637}.Debug|Any CPU.ActiveCfg = Debug|Any CPU
		{B3311198-D5B6-44C1-A820-807FCA3B8637}.Debug|Any CPU.Build.0 = Debug|Any CPU
		{B3311198-D5B6-44C1-A820-807FCA3B8637}.Release|Any CPU.ActiveCfg = Release|Any CPU
		{B3311198-D5B6-44C1-A820-807FCA3B8637}.Release|Any CPU.Build.0 = Release|Any CPU
	EndGlobalSection
EndGlobal
